
Microsoft Visual Studio Solution File, Format Version 12.00
# Visual Studio Version 17
VisualStudioVersion = 17.0.31903.59
MinimumVisualStudioVersion = 10.0.40219.1
Project("{FAE04EC0-301F-11D3-BF4B-00C04F79EFBC}") = "TCP", "TCP\TCP.csproj", "{CEDFCF2B-A589-479B-8470-376E3D521197}"
EndProject
Project("{FAE04EC0-301F-11D3-BF4B-00C04F79EFBC}") = "UDP", "UDP\UDP.csproj", "{F75647CA-0D61-4C18-98DC-96DBC133243E}"
EndProject
Project("{FAE04EC0-301F-11D3-BF4B-00C04F79EFBC}") = "TcpClient", "TcpClient\TcpClient.csproj", "{132AF6AD-5687-4F14-8BFE-A91FF98734DE}"
EndProject
Project("{FAE04EC0-301F-11D3-BF4B-00C04F79EFBC}") = "ChattingApplication", "ChattingApplication\ChattingApplication.csproj", "{E682A219-59A0-4321-B1F2-3CD63A3F3E82}"
EndProject
Global
	GlobalSection(SolutionConfigurationPlatforms) = preSolution
		Debug|Any CPU = Debug|Any CPU
		Release|Any CPU = Release|Any CPU
	EndGlobalSection
	GlobalSection(ProjectConfigurationPlatforms) = postSolution
		{CEDFCF2B-A589-479B-8470-376E3D521197}.Debug|Any CPU.ActiveCfg = Debug|Any CPU
		{CEDFCF2B-A589-479B-8470-376E3D521197}.Debug|Any CPU.Build.0 = Debug|Any CPU
		{CEDFCF2B-A589-479B-8470-376E3D521197}.Release|Any CPU.ActiveCfg = Release|Any CPU
		{CEDFCF2B-A589-479B-8470-376E3D521197}.Release|Any CPU.Build.0 = Release|Any CPU
		{F75647CA-0D61-4C18-98DC-96DBC133243E}.Debug|Any CPU.ActiveCfg = Debug|Any CPU
		{F75647CA-0D61-4C18-98DC-96DBC133243E}.Debug|Any CPU.Build.0 = Debug|Any CPU
		{F75647CA-0D61-4C18-98DC-96DBC133243E}.Release|Any CPU.ActiveCfg = Release|Any CPU
		{F75647CA-0D61-4C18-98DC-96DBC133243E}.Release|Any CPU.Build.0 = Release|Any CPU
		{132AF6AD-5687-4F14-8BFE-A91FF98734DE}.Debug|Any CPU.ActiveCfg = Debug|Any CPU
		{132AF6AD-5687-4F14-8BFE-A91FF98734DE}.Debug|Any CPU.Build.0 = Debug|Any CPU
		{132AF6AD-5687-4F14-8BFE-A91FF98734DE}.Release|Any CPU.ActiveCfg = Release|Any CPU
		{132AF6AD-5687-4F14-8BFE-A91FF98734DE}.Release|Any CPU.Build.0 = Release|Any CPU
		{E682A219-59A0-4321-B1F2-3CD63A3F3E82}.Debug|Any CPU.ActiveCfg = Debug|Any CPU
		{E682A219-59A0-4321-B1F2-3CD63A3F3E82}.Debug|Any CPU.Build.0 = Debug|Any CPU
		{E682A219-59A0-4321-B1F2-3CD63A3F3E82}.Release|Any CPU.ActiveCfg = Release|Any CPU
		{E682A219-59A0-4321-B1F2-3CD63A3F3E82}.Release|Any CPU.Build.0 = Release|Any CPU
	EndGlobalSection
	GlobalSection(SolutionProperties) = preSolution
		HideSolutionNode = FALSE
	EndGlobalSection
EndGlobal
